
Microsoft Visual Studio Solution File, Format Version 12.00
# Visual Studio Version 16
VisualStudioVersion = 16.0.29409.12
MinimumVisualStudioVersion = 10.0.40219.1
Project("{9A19103F-16F7-4668-BE54-9A1E7A4F7556}") = "AasConnectStandard", "AasConnect\AasConnectStandard.csproj", "{8DE0FD30-09F4-48D5-B00D-A6AD980E1343}"
EndProject
Project("{9A19103F-16F7-4668-BE54-9A1E7A4F7556}") = "AasConnectCore", "AasConnectCore\AasConnectCore.csproj", "{00D25974-3502-4EA4-8BAC-F5DAFAB25C5D}"
EndProject
Project("{FAE04EC0-301F-11D3-BF4B-00C04F79EFBC}") = "AasConnectWin", "AasConnectWin\AasConnectWin.csproj", "{26227057-34B1-4ED2-9644-B5B3A244F79A}"
EndProject
Project("{FAE04EC0-301F-11D3-BF4B-00C04F79EFBC}") = "TestConnect", "TestConnect\TestConnect.csproj", "{F3753680-527C-4123-A51B-A085A331628C}"
EndProject
Project("{FAE04EC0-301F-11D3-BF4B-00C04F79EFBC}") = "ConnectClientGETWindows", "ConnectClientGETWindows\ConnectClientGETWindows.csproj", "{C4DA0477-434B-4392-9229-7C9AE038DE66}"
EndProject
Global
	GlobalSection(SolutionConfigurationPlatforms) = preSolution
		Debug|Any CPU = Debug|Any CPU
		Release|Any CPU = Release|Any CPU
	EndGlobalSection
	GlobalSection(ProjectConfigurationPlatforms) = postSolution
		{8DE0FD30-09F4-48D5-B00D-A6AD980E1343}.Debug|Any CPU.ActiveCfg = Debug|Any CPU
		{8DE0FD30-09F4-48D5-B00D-A6AD980E1343}.Debug|Any CPU.Build.0 = Debug|Any CPU
		{8DE0FD30-09F4-48D5-B00D-A6AD980E1343}.Release|Any CPU.ActiveCfg = Release|Any CPU
		{8DE0FD30-09F4-48D5-B00D-A6AD980E1343}.Release|Any CPU.Build.0 = Release|Any CPU
		{00D25974-3502-4EA4-8BAC-F5DAFAB25C5D}.Debug|Any CPU.ActiveCfg = Debug|Any CPU
		{00D25974-3502-4EA4-8BAC-F5DAFAB25C5D}.Debug|Any CPU.Build.0 = Debug|Any CPU
		{00D25974-3502-4EA4-8BAC-F5DAFAB25C5D}.Release|Any CPU.ActiveCfg = Release|Any CPU
		{00D25974-3502-4EA4-8BAC-F5DAFAB25C5D}.Release|Any CPU.Build.0 = Release|Any CPU
		{26227057-34B1-4ED2-9644-B5B3A244F79A}.Debug|Any CPU.ActiveCfg = Debug|Any CPU
		{26227057-34B1-4ED2-9644-B5B3A244F79A}.Debug|Any CPU.Build.0 = Debug|Any CPU
		{26227057-34B1-4ED2-9644-B5B3A244F79A}.Release|Any CPU.ActiveCfg = Release|Any CPU
		{26227057-34B1-4ED2-9644-B5B3A244F79A}.Release|Any CPU.Build.0 = Release|Any CPU
		{F3753680-527C-4123-A51B-A085A331628C}.Debug|Any CPU.ActiveCfg = Debug|Any CPU
		{F3753680-527C-4123-A51B-A085A331628C}.Debug|Any CPU.Build.0 = Debug|Any CPU
		{F3753680-527C-4123-A51B-A085A331628C}.Release|Any CPU.ActiveCfg = Release|Any CPU
		{F3753680-527C-4123-A51B-A085A331628C}.Release|Any CPU.Build.0 = Release|Any CPU
		{C4DA0477-434B-4392-9229-7C9AE038DE66}.Debug|Any CPU.ActiveCfg = Debug|Any CPU
		{C4DA0477-434B-4392-9229-7C9AE038DE66}.Debug|Any CPU.Build.0 = Debug|Any CPU
		{C4DA0477-434B-4392-9229-7C9AE038DE66}.Release|Any CPU.ActiveCfg = Release|Any CPU
		{C4DA0477-434B-4392-9229-7C9AE038DE66}.Release|Any CPU.Build.0 = Release|Any CPU
	EndGlobalSection
	GlobalSection(SolutionProperties) = preSolution
		HideSolutionNode = FALSE
	EndGlobalSection
	GlobalSection(ExtensibilityGlobals) = postSolution
		SolutionGuid = {B346E1FA-15DE-4E42-BFF9-41DF9BBFE4E6}
	EndGlobalSection
EndGlobal
